# THIS IS AN AUTOGENERATED FILE. DO NOT EDIT THIS FILE DIRECTLY.
# yarn lockfile v1


"@types/upng-js@^2.1.2":
  version "2.1.2"
  resolved "https://registry.npmjs.org/@types/upng-js/-/upng-js-2.1.2.tgz"
  integrity sha512-sxCnLDEmGFDcnrdSMml3/mDSbfSAvt86Ld32J6Ac75Og7GzzmwHbUnJNTue74tfQC/3PPD/W0jG2dQuF9v6UOg==

"@types/wicg-file-system-access@^2020.9.5":
  version "2020.9.5"
  resolved "https://registry.npmjs.org/@types/wicg-file-system-access/-/wicg-file-system-access-2020.9.5.tgz"
  integrity sha512-UYK244awtmcUYQfs7FR8710MJcefL2WvkyHMjA8yJzxd1mo0Gfn88sRZ1Bls7hiUhA2w7ne1gpJ9T5g3G0wOyA==

"@ungap/create-content@^0.3.1":
  version "0.3.1"
  resolved "https://registry.yarnpkg.com/@ungap/create-content/-/create-content-0.3.1.tgz#b1504143d408f04e85ba38d9a20aace142142090"
  integrity sha512-SHzmtS3KHG+gzNhO/E0tFqs12vNC5H3YxpF8a8AeodB/iX3ZYcxzS8vgWXbDGmHy6bgl7m+f9+wDKBdqOVT5FA==

async-tag@^0.2.0:
  version "0.2.0"
  resolved "https://registry.yarnpkg.com/async-tag/-/async-tag-0.2.0.tgz#77a1cc00692fcb327b231bf07af6d80abc30a3b4"
  integrity sha512-hNstPiQvxVVJdkBjfBsNb3zDEM2IUY3Xp7qaadEnhaGXq1/OFdS+TuwjEJxnIvZRm7e13KrPW74fIeDra7P5vw==

esbuild-android-64@0.14.24:
  version "0.14.24"
  resolved "https://registry.yarnpkg.com/esbuild-android-64/-/esbuild-android-64-0.14.24.tgz#d826ac29a9b983dc200a0ca407c34c64d2480b38"
  integrity sha512-mbhO8NepmUZ84cP/axGR8IzH1Trth+uknEJzz36cZl8FfMA3ooaiBsMyzJ35s70QEAreiEt1XzltZ4pcfOsVUA==

esbuild-android-arm64@0.14.24:
  version "0.14.24"
  resolved "https://registry.yarnpkg.com/esbuild-android-arm64/-/esbuild-android-arm64-0.14.24.tgz#f8aaf28dbd4d7b80d30b0323c7a645e3a12b5de9"
  integrity sha512-wM3iuLZjaA9BhlMOH6mWvTGXwPJsLOuAbMkGiczSY+NLeG2WF1ouCcuhFz2jZCbnw9lnI30QWgzebNBQi9K8SA==

esbuild-darwin-64@0.14.24:
  version "0.14.24"
  resolved "https://registry.yarnpkg.com/esbuild-darwin-64/-/esbuild-darwin-64-0.14.24.tgz#9f6e4b94066e9c5e521b19176a85edd7f94ac074"
  integrity sha512-GDaCV5e9mdrJkrGT91W8WCqQ/+fvB/nsULIu4l7Ik7dlQd5uB4qeKRcFFl5Vz5ODK/C/UWZmKmMQWokZsLNWLQ==

esbuild-darwin-arm64@0.14.24:
  version "0.14.24"
  resolved "https://registry.yarnpkg.com/esbuild-darwin-arm64/-/esbuild-darwin-arm64-0.14.24.tgz#6b8ce7f2a3e1210cc672c73d658669e5f88b8efb"
  integrity sha512-reU7/vEdXsg+zZWxKL/gaHsJkGMCC49Y4pqbsaBmx0YAF00K0+V7w5BHBF+iY5jvtJ1ZCYRHTN/iAbYVOnoV0w==

esbuild-freebsd-64@0.14.24:
  version "0.14.24"
  resolved "https://registry.yarnpkg.com/esbuild-freebsd-64/-/esbuild-freebsd-64-0.14.24.tgz#b586d8aa290bfcdf0aa73fdfcf64c092d49795f2"
  integrity sha512-Mp35Rz/XoixG7Uka6l54hU/XUxAEwQozgKoHPusJzX+Fu1vANil0Ypos0RJkidu7skSkd0xisNIT+gtD36BxpA==

esbuild-freebsd-arm64@0.14.24:
  version "0.14.24"
  resolved "https://registry.yarnpkg.com/esbuild-freebsd-arm64/-/esbuild-freebsd-arm64-0.14.24.tgz#4e7098de07791089b6ef6b4f17a8ce6124da7bec"
  integrity sha512-+tf4a4zYaHP1XXPt286mxOc2bmj13K57GZYjqYz/G3c3sgNXa0JBkcPlUATIj96WfXhWM115n3nHe9wF88+ZGQ==

esbuild-linux-32@0.14.24:
  version "0.14.24"
  resolved "https://registry.yarnpkg.com/esbuild-linux-32/-/esbuild-linux-32-0.14.24.tgz#afe7345f3e8ee58eede36c0254e128924680b305"
  integrity sha512-8jMZErn5aLnlSQqzK365yoWRr67ZkGNcoTmk1CK5Bk1EB9g7uwCfdZsmWcclLWPGkIhMbdk4OvzQ+Wp0popwWA==

esbuild-linux-64@0.14.24:
  version "0.14.24"
  resolved "https://registry.npmjs.org/esbuild-linux-64/-/esbuild-linux-64-0.14.24.tgz"
  integrity sha512-D/JCsk9OY2IZj+fkU74pKD4rD2pjeiYUbze1cS5D6+U0pz8j71GjZY5UkfwHhBBbNyPe6DPCyex97txQUlHwWw==

esbuild-linux-arm64@0.14.24:
  version "0.14.24"
  resolved "https://registry.yarnpkg.com/esbuild-linux-arm64/-/esbuild-linux-arm64-0.14.24.tgz#f8aee4eb78309fd3c064e86393a698e33908e8ec"
  integrity sha512-DypWEDQLE+PoHGMa4FLcmKvS+yQLsYlsN03R496rTpDOiVQGrRdo0LbYtf+uHpDxa1KRrHZsQim6n8m3VBHP6g==

esbuild-linux-arm@0.14.24:
  version "0.14.24"
  resolved "https://registry.yarnpkg.com/esbuild-linux-arm/-/esbuild-linux-arm-0.14.24.tgz#eaccc0a4d7d17e7290e5b20c383e6969c6769bf7"
  integrity sha512-N+vvGpJAUWv3j+YZGOMEtrHwrrSG582TuAThBwoRE7d2N4zFE2WQBCiSYaAVckMQhvMOPqnCdqeTDUse5nlKTw==

esbuild-linux-mips64le@0.14.24:
  version "0.14.24"
  resolved "https://registry.yarnpkg.com/esbuild-linux-mips64le/-/esbuild-linux-mips64le-0.14.24.tgz#9db94b62bbcbaad6229087ea27a6d7dc3fc878d6"
  integrity sha512-eMk9pEHba1yd5bOuPZUJfFucigvysdcE2d/wV4M0eUdb/VjyH9fcGqz8byvSjmYSOt3WCn/V4jLVI+pwDSHWYw==

esbuild-linux-ppc64le@0.14.24:
  version "0.14.24"
  resolved "https://registry.yarnpkg.com/esbuild-linux-ppc64le/-/esbuild-linux-ppc64le-0.14.24.tgz#194d59a5ebfcdbfc7e710d13893e6c62216baa77"
  integrity sha512-4vQ/Y6EV5Z2BjO7RdpEyTCv702WmOPc95d2CbUcFvg78FpGQAmrbIrHXu/yX4+rdUU6vMNBn3M+7M7/lxmxjjg==

esbuild-linux-riscv64@0.14.24:
  version "0.14.24"
  resolved "https://registry.yarnpkg.com/esbuild-linux-riscv64/-/esbuild-linux-riscv64-0.14.24.tgz#0d8cbbcd2f3b7cc4365ebc8fac8d00fdc95691d2"
  integrity sha512-pAN9/+NZ487Wo9PmlOM6Ra95SrhG8JQw7fCgi3z7dUufwTApTNTPGs5UOMD4Bmorju+DeGb0f0GddLaeabvqDg==

esbuild-linux-s390x@0.14.24:
  version "0.14.24"
  resolved "https://registry.yarnpkg.com/esbuild-linux-s390x/-/esbuild-linux-s390x-0.14.24.tgz#460e726f5d827f1171f9eac8c9bbcad8e6574ec5"
  integrity sha512-ZR+VMHP2WS3022x2sK/85cBfKGgPalIZzpquDWjra9nUb+WdEzuK9i9bRsstLmjIPs3uIkGfe6xXUh/7PNLllw==

esbuild-netbsd-64@0.14.24:
  version "0.14.24"
  resolved "https://registry.yarnpkg.com/esbuild-netbsd-64/-/esbuild-netbsd-64-0.14.24.tgz#8f6f4c68b8e84e1e011330096f118013cc275601"
  integrity sha512-1PzXU++e0PEaSuGpkhrVb+fDUw9mSp4laY9KRsjJkAuXPDj0rHz7KxK7CAbzY/ucufeIR9Ca8/oMpdVyWdaOGw==

esbuild-openbsd-64@0.14.24:
  version "0.14.24"
  resolved "https://registry.yarnpkg.com/esbuild-openbsd-64/-/esbuild-openbsd-64-0.14.24.tgz#6fbfc089103d154d74d4ea5a3aefc2844189094a"
  integrity sha512-PvXh7JJAFM1kR87XDWbRrUkaOGVMS6Dq/IRXE2E02maio21JELk/jNRijTe81ztr8v+8K9osB3rG9zKqIdTxhQ==

esbuild-sunos-64@0.14.24:
  version "0.14.24"
  resolved "https://registry.yarnpkg.com/esbuild-sunos-64/-/esbuild-sunos-64-0.14.24.tgz#09931dbbc610f88feda1c071f2844e7d8867f46e"
  integrity sha512-5iYi76kGQdyCqvSUknqjTZ0T19KvQD6hiklPAY6kVoQ1YoDUGCGILRI9eM/3zLNLG1bUFgcdJ2ktaBxwyXuHyA==

esbuild-windows-32@0.14.24:
  version "0.14.24"
  resolved "https://registry.yarnpkg.com/esbuild-windows-32/-/esbuild-windows-32-0.14.24.tgz#3c8dddffaec6dce9a3ac8ef2bec939ec5af17e68"
  integrity sha512-oDxcNu4P1FWTk2ompKB0uKHfxYw1QuubH189+PlfrrWT9tVu+mxT9dSwJu2erfUDz5dnr6h8rgkg95NGboeJxg==

esbuild-windows-64@0.14.24:
  version "0.14.24"
  resolved "https://registry.yarnpkg.com/esbuild-windows-64/-/esbuild-windows-64-0.14.24.tgz#e97081ee16d51c5a210cd1de15454689ac09fc8b"
  integrity sha512-0uxXF1yLcGEM2es0OMDgQYQGZXQEEIdq8cG3IWhY2GGfFRLXpMgic1iUE+SKCh+b82t1ftUVoyG0zIFRn5NOIA==

esbuild-windows-arm64@0.14.24:
  version "0.14.24"
  resolved "https://registry.yarnpkg.com/esbuild-windows-arm64/-/esbuild-windows-arm64-0.14.24.tgz#0fcff2b58c772874f8dc52638557f817609ed699"
  integrity sha512-unwaYRaIK/4OaZm0jnM3pLKMPEjaQqmT5teTciSZ86VYaiYZF27Ki7BW7R5ngk27gIw0ovIfUcn9DhJgp7qAlw==

esbuild@^0.14.14:
  version "0.14.24"
  resolved "https://registry.npmjs.org/esbuild/-/esbuild-0.14.24.tgz"
  integrity sha512-NjfmycVQqY0+iKXoHXsvMAKx4XF/bD/dDm8pK6C/3aJO/i/uby+7AR4z8vu0qkiihkB5Y43+9BjdY2MGnswC/A==
  optionalDependencies:
    esbuild-android-64 "0.14.24"
    esbuild-android-arm64 "0.14.24"
    esbuild-darwin-64 "0.14.24"
    esbuild-darwin-arm64 "0.14.24"
    esbuild-freebsd-64 "0.14.24"
    esbuild-freebsd-arm64 "0.14.24"
    esbuild-linux-32 "0.14.24"
    esbuild-linux-64 "0.14.24"
    esbuild-linux-arm "0.14.24"
    esbuild-linux-arm64 "0.14.24"
    esbuild-linux-mips64le "0.14.24"
    esbuild-linux-ppc64le "0.14.24"
    esbuild-linux-riscv64 "0.14.24"
    esbuild-linux-s390x "0.14.24"
    esbuild-netbsd-64 "0.14.24"
    esbuild-openbsd-64 "0.14.24"
    esbuild-sunos-64 "0.14.24"
    esbuild-windows-32 "0.14.24"
    esbuild-windows-64 "0.14.24"
    esbuild-windows-arm64 "0.14.24"

fsevents@~2.3.2:
  version "2.3.2"
  resolved "https://registry.yarnpkg.com/fsevents/-/fsevents-2.3.2.tgz#8a526f78b8fdf4623b709e0b975c52c24c02fd1a"
  integrity sha512-xiqMQR4xAeHTuB9uWm+fFRcIOgKBMiOBP+eXiyT7jsgVCq1bkVygt00oASowB7EdtpOHaaPgKt812P9ab+DDKA==

function-bind@^1.1.1:
  version "1.1.1"
  resolved "https://registry.npmjs.org/function-bind/-/function-bind-1.1.1.tgz"
  integrity sha512-yIovAzMX49sF8Yl58fSCWJ5svSLuaibPxXQJFLmBObTuCr0Mf1KiPopGM9NiFjiYBCbfaa2Fh6breQ6ANVTI0A==

has@^1.0.3:
  version "1.0.3"
  resolved "https://registry.npmjs.org/has/-/has-1.0.3.tgz"
  integrity sha512-f2dvO0VU6Oej7RkWJGrehjbzMAjFp5/VKPp5tTpWIV4JHHZK1/BxbFRtf/siA2SWTe09caDmVtYYzWEIbBS4zw==
  dependencies:
    function-bind "^1.1.1"

is-core-module@^2.8.1:
  version "2.8.1"
  resolved "https://registry.npmjs.org/is-core-module/-/is-core-module-2.8.1.tgz"
  integrity sha512-SdNCUs284hr40hFTFP6l0IfZ/RSrMXF3qgoRHd3/79unUTvrFO/JoXwkGm+5J/Oe3E/b5GsnG330uUNgRpu1PA==
  dependencies:
    has "^1.0.3"

jsx2tag@^0.3.0:
  version "0.3.0"
  resolved "https://registry.yarnpkg.com/jsx2tag/-/jsx2tag-0.3.0.tgz#57062cfb3eff16ffaf9b146e90eb1f8a500de66d"
  integrity sha512-AcELEC4kZIByPXqtK+QdaQ0t7MVZkZ9zjoitLwqGkpLkopDwBOwpG0JHxBcqGaVkv2KF3jPFp6l3l/5cN3J/Yw==

nanoid@^3.3.1:
  version "3.3.1"
  resolved "https://registry.npmjs.org/nanoid/-/nanoid-3.3.1.tgz"
  integrity sha512-n6Vs/3KGyxPQd6uO0eH4Bv0ojGSUvuLlIHtC3Y0kEO23YRge8H9x1GCzLn28YX0H66pMkxuaeESFq4tKISKwdw==

pako@^1.0.5:
  version "1.0.11"
  resolved "https://registry.npmjs.org/pako/-/pako-1.0.11.tgz"
  integrity sha512-4hLB8Py4zZce5s4yd9XzopqwVv/yGNhV1Bl8NTmCq1763HeK2+EwVTv+leGeL13Dnh2wfbqowVPXCIO0z4taYw==

path-parse@^1.0.7:
  version "1.0.7"
  resolved "https://registry.npmjs.org/path-parse/-/path-parse-1.0.7.tgz"
  integrity sha512-LDJzPVEEEPR+y48z93A0Ed0yXb8pAByGWo/k5YYdYgpY2/2EsOsksJrq7lOHxryrVOn1ejG6oAp8ahvOIQD8sw==

picocolors@^1.0.0:
  version "1.0.0"
  resolved "https://registry.npmjs.org/picocolors/-/picocolors-1.0.0.tgz"
  integrity sha512-1fygroTLlHu66zi26VoTDv8yRgm0Fccecssto+MhsZ0D/DGW2sm8E8AjW7NU5VVTRt5GxbeZ5qBuJr+HyLYkjQ==

postcss@^8.4.6:
  version "8.4.7"
  resolved "https://registry.npmjs.org/postcss/-/postcss-8.4.7.tgz"
  integrity sha512-L9Ye3r6hkkCeOETQX6iOaWZgjp3LL6Lpqm6EtgbKrgqGGteRMNb9vzBfRL96YOSu8o7x3MfIH9Mo5cPJFGrW6A==
  dependencies:
    nanoid "^3.3.1"
    picocolors "^1.0.0"
    source-map-js "^1.0.2"

resolve@^1.22.0:
  version "1.22.0"
  resolved "https://registry.npmjs.org/resolve/-/resolve-1.22.0.tgz"
  integrity sha512-Hhtrw0nLeSrFQ7phPp4OOcVjLPIeMnRlr5mcnVuMe7M/7eBn98A3hmFRLoFo3DLZkivSYwhRUJTyPyWAk56WLw==
  dependencies:
    is-core-module "^2.8.1"
    path-parse "^1.0.7"
    supports-preserve-symlinks-flag "^1.0.0"

rollup@^2.59.0:
  version "2.69.0"
  resolved "https://registry.npmjs.org/rollup/-/rollup-2.69.0.tgz"
  integrity sha512-kjER91tHyek8gAkuz7+558vSnTQ+pITEok1P0aNOS45ZXyngaqPsXJmSel4QPQnJo7EJMjXUU1/GErWkWiKORg==
  optionalDependencies:
    fsevents "~2.3.2"

source-map-js@^1.0.2:
  version "1.0.2"
  resolved "https://registry.npmjs.org/source-map-js/-/source-map-js-1.0.2.tgz"
  integrity sha512-R0XvVJ9WusLiqTCEiGCmICCMplcCkIwwR11mOSD9CR5u+IXYdiseeEuXCVAjS54zqwkLcPNnmU4OeJ6tUrWhDw==

supports-preserve-symlinks-flag@^1.0.0:
  version "1.0.0"
  resolved "https://registry.npmjs.org/supports-preserve-symlinks-flag/-/supports-preserve-symlinks-flag-1.0.0.tgz"
  integrity sha512-ot0WnXS9fgdkgIcePe6RHNk1WA8+muPa6cSjeR3V8K27q9BB1rTE3R1p7Hv0z1ZyAc8s6Vvv8DIyWf681MAt0w==

typescript@^4.5.4:
  version "4.6.2"
  resolved "https://registry.npmjs.org/typescript/-/typescript-4.6.2.tgz"
  integrity sha512-HM/hFigTBHZhLXshn9sN37H085+hQGeJHJ/X7LpBWLID/fbc2acUMfU+lGD98X81sKP+pFa9f0DZmCwB9GnbAg==

uarray@^1.0.0:
  version "1.0.0"
  resolved "https://registry.yarnpkg.com/uarray/-/uarray-1.0.0.tgz#e89bf0ea2129596f4bf653b66e53246ed6562b6c"
  integrity sha512-LHmiAd5QuAv7pU2vbh+Zq9YOnqVK0H764p2Ozinpfy9ka58OID4IsGLiXsitqH7n0NAIDxvax1A/kDXpii/Ckg==

udomdiff@^1.1.0:
  version "1.1.0"
  resolved "https://registry.yarnpkg.com/udomdiff/-/udomdiff-1.1.0.tgz#1d0c4741b93a2ffd10728ca4cea15b277cc3082f"
  integrity sha512-aqjTs5x/wsShZBkVagdafJkP8S3UMGhkHKszsu1cszjjZ7iOp86+Qb3QOFYh01oWjPMy5ZTuxD6hw5uTKxd+VA==

uhandlers@^0.6.0:
  version "0.6.1"
  resolved "https://registry.yarnpkg.com/uhandlers/-/uhandlers-0.6.1.tgz#ef2e6811de072a2de3c69ace4ce6910de6328c96"
  integrity sha512-2jMpdT/3twUKnJxvVEtysdkw5v7KhynNvMP8sueocaGYgEXG6l9fG/66JlKrQo/jVNCF2gcJb3Ne7vYCeVR6tw==
  dependencies:
    uarray "^1.0.0"

uhtml@^2.8.0:
  version "2.8.0"
  resolved "https://registry.yarnpkg.com/uhtml/-/uhtml-2.8.0.tgz#b995c4b959b84f7b5d52593ef80875d94c76574f"
  integrity sha512-UVtSfxRh06r06xQguEyWyQF2E6x9CbtxqRTG7gLunrTKO4y223+yRkrB0wiPFSaU5qdscDO5LAi65oFQk839zg==
  dependencies:
    "@ungap/create-content" "^0.3.1"
    async-tag "^0.2.0"
    jsx2tag "^0.3.0"
    uarray "^1.0.0"
    udomdiff "^1.1.0"
    uhandlers "^0.6.0"
    umap "^1.0.2"
    uparser "^0.2.1"
    uwire "^1.1.0"

umap@^1.0.2:
  version "1.0.2"
  resolved "https://registry.yarnpkg.com/umap/-/umap-1.0.2.tgz#2d7d4b145ad8c9f957921460798f3e221347c981"
  integrity sha512-bW127HgG4H4VAD6qlqO5vCC+7bnlYvZ6A6BdwyGblkWvlEG7VYpj1bcpf3iJpvyKmkPZWDIeZDmoULz67ec7NA==

uparser@^0.2.1:
  version "0.2.1"
  resolved "https://registry.yarnpkg.com/uparser/-/uparser-0.2.1.tgz#0251e7bca14ebeb222b79baf806784e40870ad47"
  integrity sha512-hTwK8e+bAaER8gJBOysoFGjRPsX/xOthSPR/ieI9EgTf1rts9ey25tbDXIU0rDr/cGcLsvkCo1n8J/eccfAvvw==

upng-js@^2.1.0:
  version "2.1.0"
  resolved "https://registry.npmjs.org/upng-js/-/upng-js-2.1.0.tgz"
  integrity sha512-d3xzZzpMP64YkjP5pr8gNyvBt7dLk/uGI67EctzDuVp4lCZyVMo0aJO6l/VDlgbInJYDY6cnClLoBp29eKWI6g==
  dependencies:
    pako "^1.0.5"

uwire@^1.1.0:
  version "1.1.0"
  resolved "https://registry.yarnpkg.com/uwire/-/uwire-1.1.0.tgz#ae72a770a140311a0d640aebb21131a7934988ca"
  integrity sha512-XJPmJnySabt8D0/wnfFFywgUOBnXszDEW32nEVIfOx1n6gLTZSp+X+70+blSnHKNiIUVSFPmmRuxOal0I/aB5g==
  dependencies:
    uarray "^1.0.0"

vite@^2.8.0:
  version "2.8.6"
  resolved "https://registry.npmjs.org/vite/-/vite-2.8.6.tgz"
  integrity sha512-e4H0QpludOVKkmOsRyqQ7LTcMUDF3mcgyNU4lmi0B5JUbe0ZxeBBl8VoZ8Y6Rfn9eFKYtdXNPcYK97ZwH+K2ug==
  dependencies:
    esbuild "^0.14.14"
    postcss "^8.4.6"
    resolve "^1.22.0"
    rollup "^2.59.0"
  optionalDependencies:
    fsevents "~2.3.2"
